
Microsoft Visual Studio Solution File, Format Version 12.00
# Visual Studio Version 16
VisualStudioVersion = 16.0.30309.148
MinimumVisualStudioVersion = 10.0.40219.1
Project("{9A19103F-16F7-4668-BE54-9A1E7A4F7556}") = "Loja.API", "Loja.API\Loja.API.csproj", "{04AD7FBC-DF8F-4E42-A8C3-A1EFC8F7BB90}"
EndProject
Project("{2150E333-8FDC-42A3-9474-1A3956D46DE8}") = "Loja.Presentation", "Loja.Presentation", "{608A8E2E-13A7-45D6-88CA-E1022950F687}"
EndProject
Project("{2150E333-8FDC-42A3-9474-1A3956D46DE8}") = "Loja.Infra", "Loja.Infra", "{0E074833-22FA-4C90-B77B-F395BCF35030}"
EndProject
Project("{2150E333-8FDC-42A3-9474-1A3956D46DE8}") = "Loja.Domain", "Loja.Domain", "{62A31AF7-D74C-4DC4-AF1F-4EA504C66E89}"
EndProject
Project("{2150E333-8FDC-42A3-9474-1A3956D46DE8}") = "Loja.Tests", "Loja.Tests", "{2898AC73-222D-46BF-AAC4-09E8085E2A05}"
EndProject
Project("{9A19103F-16F7-4668-BE54-9A1E7A4F7556}") = "Loja.Domain.Shared", "Loja.Domain\Loja.Domain.Shared\Loja.Domain.Shared.csproj", "{F2EBD729-9C7E-4F30-B171-8FE24CD20B8F}"
EndProject
Project("{9A19103F-16F7-4668-BE54-9A1E7A4F7556}") = "Loja.Infra.Data", "Loja.Infra\Loja.Infra.Data\Loja.Infra.Data.csproj", "{D11F536D-A51E-4C7C-97F9-5520B6435B8D}"
EndProject
Project("{9A19103F-16F7-4668-BE54-9A1E7A4F7556}") = "Loja.Domain.Estoque", "Loja.Domain\Loja.Domain.Estoque\Loja.Domain.Estoque.csproj", "{EB5DC376-6B18-4744-8724-9716FC478AC7}"
EndProject
Project("{9A19103F-16F7-4668-BE54-9A1E7A4F7556}") = "Loja.Domain.Vendas", "Loja.Domain\Loja.Domain.Vendas\Loja.Domain.Vendas.csproj", "{910DA2E3-178F-4496-BFD3-664D826C20FA}"
EndProject
Project("{FAE04EC0-301F-11D3-BF4B-00C04F79EFBC}") = "Loja.Infra.Estoque", "Loja.Infra\Loja.Infra.Estoque\Loja.Infra.Estoque.csproj", "{E3172CAA-B8B5-4E1A-A415-E2C45592DC9F}"
EndProject
Global
	GlobalSection(SolutionConfigurationPlatforms) = preSolution
		Debug|Any CPU = Debug|Any CPU
		Release|Any CPU = Release|Any CPU
	EndGlobalSection
	GlobalSection(ProjectConfigurationPlatforms) = postSolution
		{04AD7FBC-DF8F-4E42-A8C3-A1EFC8F7BB90}.Debug|Any CPU.ActiveCfg = Debug|Any CPU
		{04AD7FBC-DF8F-4E42-A8C3-A1EFC8F7BB90}.Debug|Any CPU.Build.0 = Debug|Any CPU
		{04AD7FBC-DF8F-4E42-A8C3-A1EFC8F7BB90}.Release|Any CPU.ActiveCfg = Release|Any CPU
		{04AD7FBC-DF8F-4E42-A8C3-A1EFC8F7BB90}.Release|Any CPU.Build.0 = Release|Any CPU
		{F2EBD729-9C7E-4F30-B171-8FE24CD20B8F}.Debug|Any CPU.ActiveCfg = Debug|Any CPU
		{F2EBD729-9C7E-4F30-B171-8FE24CD20B8F}.Debug|Any CPU.Build.0 = Debug|Any CPU
		{F2EBD729-9C7E-4F30-B171-8FE24CD20B8F}.Release|Any CPU.ActiveCfg = Release|Any CPU
		{F2EBD729-9C7E-4F30-B171-8FE24CD20B8F}.Release|Any CPU.Build.0 = Release|Any CPU
		{D11F536D-A51E-4C7C-97F9-5520B6435B8D}.Debug|Any CPU.ActiveCfg = Debug|Any CPU
		{D11F536D-A51E-4C7C-97F9-5520B6435B8D}.Debug|Any CPU.Build.0 = Debug|Any CPU
		{D11F536D-A51E-4C7C-97F9-5520B6435B8D}.Release|Any CPU.ActiveCfg = Release|Any CPU
		{D11F536D-A51E-4C7C-97F9-5520B6435B8D}.Release|Any CPU.Build.0 = Release|Any CPU
		{EB5DC376-6B18-4744-8724-9716FC478AC7}.Debug|Any CPU.ActiveCfg = Debug|Any CPU
		{EB5DC376-6B18-4744-8724-9716FC478AC7}.Debug|Any CPU.Build.0 = Debug|Any CPU
		{EB5DC376-6B18-4744-8724-9716FC478AC7}.Release|Any CPU.ActiveCfg = Release|Any CPU
		{EB5DC376-6B18-4744-8724-9716FC478AC7}.Release|Any CPU.Build.0 = Release|Any CPU
		{910DA2E3-178F-4496-BFD3-664D826C20FA}.Debug|Any CPU.ActiveCfg = Debug|Any CPU
		{910DA2E3-178F-4496-BFD3-664D826C20FA}.Debug|Any CPU.Build.0 = Debug|Any CPU
		{910DA2E3-178F-4496-BFD3-664D826C20FA}.Release|Any CPU.ActiveCfg = Release|Any CPU
		{910DA2E3-178F-4496-BFD3-664D826C20FA}.Release|Any CPU.Build.0 = Release|Any CPU
		{E3172CAA-B8B5-4E1A-A415-E2C45592DC9F}.Debug|Any CPU.ActiveCfg = Debug|Any CPU
		{E3172CAA-B8B5-4E1A-A415-E2C45592DC9F}.Debug|Any CPU.Build.0 = Debug|Any CPU
		{E3172CAA-B8B5-4E1A-A415-E2C45592DC9F}.Release|Any CPU.ActiveCfg = Release|Any CPU
		{E3172CAA-B8B5-4E1A-A415-E2C45592DC9F}.Release|Any CPU.Build.0 = Release|Any CPU
	EndGlobalSection
	GlobalSection(SolutionProperties) = preSolution
		HideSolutionNode = FALSE
	EndGlobalSection
	GlobalSection(NestedProjects) = preSolution
		{04AD7FBC-DF8F-4E42-A8C3-A1EFC8F7BB90} = {608A8E2E-13A7-45D6-88CA-E1022950F687}
		{F2EBD729-9C7E-4F30-B171-8FE24CD20B8F} = {62A31AF7-D74C-4DC4-AF1F-4EA504C66E89}
		{D11F536D-A51E-4C7C-97F9-5520B6435B8D} = {0E074833-22FA-4C90-B77B-F395BCF35030}
		{EB5DC376-6B18-4744-8724-9716FC478AC7} = {62A31AF7-D74C-4DC4-AF1F-4EA504C66E89}
		{910DA2E3-178F-4496-BFD3-664D826C20FA} = {62A31AF7-D74C-4DC4-AF1F-4EA504C66E89}
		{E3172CAA-B8B5-4E1A-A415-E2C45592DC9F} = {0E074833-22FA-4C90-B77B-F395BCF35030}
	EndGlobalSection
	GlobalSection(ExtensibilityGlobals) = postSolution
		SolutionGuid = {B032177C-EC7F-4B6B-8875-78AA03AAD199}
	EndGlobalSection
EndGlobal
